// !$*UTF8*$!
{
	archiveVersion = 1;
	classes = {
	};
	objectVersion = 48;
	objects = {

/* Begin PBXBuildFile section */
		90D7F30D1FEFF66000B3160A /* AppDelegate.swift in Sources */ = {isa = PBXBuildFile; fileRef = 90D7F30C1FEFF66000B3160A /* AppDelegate.swift */; };
		90D7F30F1FEFF66000B3160A /* ViewController.swift in Sources */ = {isa = PBXBuildFile; fileRef = 90D7F30E1FEFF66000B3160A /* ViewController.swift */; };
		90D7F3121FEFF66000B3160A /* Main.storyboard in Resources */ = {isa = PBXBuildFile; fileRef = 90D7F3101FEFF66000B3160A /* Main.storyboard */; };
		90D7F3141FEFF66000B3160A /* Assets.xcassets in Resources */ = {isa = PBXBuildFile; fileRef = 90D7F3131FEFF66000B3160A /* Assets.xcassets */; };
		90D7F3171FEFF66000B3160A /* LaunchScreen.storyboard in Resources */ = {isa = PBXBuildFile; fileRef = 90D7F3151FEFF66000B3160A /* LaunchScreen.storyboard */; };
/* End PBXBuildFile section */

/* Begin PBXFileReference section */
		90D7F3091FEFF66000B3160A /* ATMfinderV3.app */ = {isa = PBXFileReference; explicitFileType = wrapper.application; includeInIndex = 0; path = ATMfinderV3.app; sourceTree = BUILT_PRODUCTS_DIR; };
		90D7F30C1FEFF66000B3160A /* AppDelegate.swift */ = {isa = PBXFileReference; lastKnownFileType = sourcecode.swift; path = AppDelegate.swift; sourceTree = "<group>"; };
		90D7F30E1FEFF66000B3160A /* ViewController.swift */ = {isa = PBXFileReference; lastKnownFileType = sourcecode.swift; path = ViewController.swift; sourceTree = "<group>"; };
		90D7F3111FEFF66000B3160A /* Base */ = {isa = PBXFileReference; lastKnownFileType = file.storyboard; name = Base; path = Base.lproj/Main.storyboard; sourceTree = "<group>"; };
		90D7F3131FEFF66000B3160A /* Assets.xcassets */ = {isa = PBXFileReference; lastKnownFileType = folder.assetcatalog; path = Assets.xcassets; sourceTree = "<group>"; };
		90D7F3161FEFF66000B3160A /* Base */ = {isa = PBXFileReference; lastKnownFileType = file.storyboard; name = Base; path = Base.lproj/LaunchScreen.storyboard; sourceTree = "<group>"; };
		90D7F3181FEFF66000B3160A /* Info.plist */ = {isa = PBXFileReference; lastKnownFileType = text.plist.xml; path = Info.plist; sourceTree = "<group>"; };
/* End PBXFileReference section */

/* Begin PBXFrameworksBuildPhase section */
		90D7F3061FEFF66000B3160A /* Frameworks */ = {
			isa = PBXFrameworksBuildPhase;
			buildActionMask = 2147483647;
			files = (
			);
			runOnlyForDeploymentPostprocessing = 0;
		};
/* End PBXFrameworksBuildPhase section */

/* Begin PBXGroup section */
		90D7F3001FEFF66000B3160A = {
			isa = PBXGroup;
			children = (
				90D7F30B1FEFF66000B3160A /* ATMfinderV3 */,
				90D7F30A1FEFF66000B3160A /* Products */,
			);
			sourceTree = "<group>";
		};
		90D7F30A1FEFF66000B3160A /* Products */ = {
			isa = PBXGroup;
			children = (
				90D7F3091FEFF66000B3160A /* ATMfinderV3.app */,
			);
			name = Products;
			sourceTree = "<group>";
		};
		90D7F30B1FEFF66000B3160A /* ATMfinderV3 */ = {
			isa = PBXGroup;
			children = (
				90D7F30C1FEFF66000B3160A /* AppDelegate.swift */,
				90D7F30E1FEFF66000B3160A /* ViewController.swift */,
				90D7F3101FEFF66000B3160A /* Main.storyboard */,
				90D7F3131FEFF66000B3160A /* Assets.xcassets */,
				90D7F3151FEFF66000B3160A /* LaunchScreen.storyboard */,
				90D7F3181FEFF66000B3160A /* Info.plist */,
			);
			path = ATMfinderV3;
			sourceTree = "<group>";
		};
/* End PBXGroup section */

/* Begin PBXNativeTarget section */
		90D7F3081FEFF66000B3160A /* ATMfinderV3 */ = {
			isa = PBXNativeTarget;
			buildConfigurationList = 90D7F31B1FEFF66000B3160A /* Build configuration list for PBXNativeTarget "ATMfinderV3" */;
			buildPhases = (
				90D7F3051FEFF66000B3160A /* Sources */,
				90D7F3061FEFF66000B3160A /* Frameworks */,
				90D7F3071FEFF66000B3160A /* Resources */,
			);
			buildRules = (
			);
			dependencies = (
			);
			name = ATMfinderV3;
			productName = ATMfinderV3;
			productReference = 90D7F3091FEFF66000B3160A /* ATMfinderV3.app */;
			productType = "com.apple.product-type.application";
		};
/* End PBXNativeTarget section */

/* Begin PBXProject section */
		90D7F3011FEFF66000B3160A /* Project object */ = {
			isa = PBXProject;
			attributes = {
				LastSwiftUpdateCheck = 0900;
				LastUpgradeCheck = 0900;
				ORGANIZATIONNAME = "Francis Jemuel Bergonia";
				TargetAttributes = {
					90D7F3081FEFF66000B3160A = {
						CreatedOnToolsVersion = 9.0;
						ProvisioningStyle = Automatic;
					};
				};
			};
			buildConfigurationList = 90D7F3041FEFF66000B3160A /* Build configuration list for PBXProject "ATMfinderV3" */;
			compatibilityVersion = "Xcode 8.0";
			developmentRegion = en;
			hasScannedForEncodings = 0;
			knownRegions = (
				en,
				Base,
			);
			mainGroup = 90D7F3001FEFF66000B3160A;
			productRefGroup = 90D7F30A1FEFF66000B3160A /* Products */;
			projectDirPath = "";
			projectRoot = "";
			targets = (
				90D7F3081FEFF66000B3160A /* ATMfinderV3 */,
			);
		};
/* End PBXProject section */

/* Begin PBXResourcesBuildPhase section */
		90D7F3071FEFF66000B3160A /* Resources */ = {
			isa = PBXResourcesBuildPhase;
			buildActionMask = 2147483647;
			files = (
				90D7F3171FEFF66000B3160A /* LaunchScreen.storyboard in Resources */,
				90D7F3141FEFF66000B3160A /* Assets.xcassets in Resources */,
				90D7F3121FEFF66000B3160A /* Main.storyboard in Resources */,
			);
			runOnlyForDeploymentPostprocessing = 0;
		};
/* End PBXResourcesBuildPhase section */

/* Begin PBXSourcesBuildPhase section */
		90D7F3051FEFF66000B3160A /* Sources */ = {
			isa = PBXSourcesBuildPhase;
			buildActionMask = 2147483647;
			files = (
				90D7F30F1FEFF66000B3160A /* ViewController.swift in Sources */,
				90D7F30D1FEFF66000B3160A /* AppDelegate.swift in Sources */,
			);
			runOnlyForDeploymentPostprocessing = 0;
		};
/* End PBXSourcesBuildPhase section */

/* Begin PBXVariantGroup section */
		90D7F3101FEFF66000B3160A /* Main.storyboard */ = {
			isa = PBXVariantGroup;
			children = (
				90D7F3111FEFF66000B3160A /* Base */,
			);
			name = Main.storyboard;
			sourceTree = "<group>";
		};
		90D7F3151FEFF66000B3160A /* LaunchScreen.storyboard */ = {
			isa = PBXVariantGroup;
			children = (
				90D7F3161FEFF66000B3160A /* Base */,
			);
			name = LaunchScreen.storyboard;
			sourceTree = "<group>";
		};
/* End PBXVariantGroup section */

/* Begin XCBuildConfiguration section */
		90D7F3191FEFF66000B3160A /* Debug */ = {
			isa = XCBuildConfiguration;
			buildSettings = {
				ALWAYS_SEARCH_USER_PATHS = NO;
				CLANG_ANALYZER_NONNULL = YES;
				CLANG_ANALYZER_NUMBER_OBJECT_CONVERSION = YES_AGGRESSIVE;
				CLANG_CXX_LANGUAGE_STANDARD = "gnu++14";
				CLANG_CXX_LIBRARY = "libc++";
				CLANG_ENABLE_MODULES = YES;
				CLANG_ENABLE_OBJC_ARC = YES;
				CLANG_WARN_BLOCK_CAPTURE_AUTORELEASING = YES;
				CLANG_WARN_BOOL_CONVERSION = YES;
				CLANG_WARN_COMMA = YES;
				CLANG_WARN_CONSTANT_CONVERSION = YES;
				CLANG_WARN_DIRECT_OBJC_ISA_USAGE = YES_ERROR;
				CLANG_WARN_DOCUMENTATION_COMMENTS = YES;
				CLANG_WARN_EMPTY_BODY = YES;
				CLANG_WARN_ENUM_CONVERSION = YES;
				CLANG_WARN_INFINITE_RECURSION = YES;
				CLANG_WARN_INT_CONVERSION = YES;
				CLANG_WARN_NON_LITERAL_NULL_CONVERSION = YES;
				CLANG_WARN_OBJC_LITERAL_CONVERSION = YES;
				CLANG_WARN_OBJC_ROOT_CLASS = YES_ERROR;
				CLANG_WARN_RANGE_LOOP_ANALYSIS = YES;
				CLANG_WARN_STRICT_PROTOTYPES = YES;
				CLANG_WARN_SUSPICIOUS_MOVE = YES;
				CLANG_WARN_UNGUARDED_AVAILABILITY = YES_AGGRESSIVE;
				CLANG_WARN_UNREACHABLE_CODE = YES;
				CLANG_WARN__DUPLICATE_METHOD_MATCH = YES;
				CODE_SIGN_IDENTITY = "iPhone Developer";
				COPY_PHASE_STRIP = NO;
				DEBUG_INFORMATION_FORMAT = dwarf;
				ENABLE_STRICT_OBJC_MSGSEND = YES;
				ENABLE_TESTABILITY = YES;
				GCC_C_LANGUAGE_STANDARD = gnu11;
				GCC_DYNAMIC_NO_PIC = NO;
				GCC_NO_COMMON_BLOCKS = YES;
				GCC_OPTIMIZATION_LEVEL = 0;
				GCC_PREPROCESSOR_DEFINITIONS = (
					"DEBUG=1",
					"$(inherited)",
				);
				GCC_WARN_64_TO_32_BIT_CONVERSION = YES;
				GCC_WARN_ABOUT_RETURN_TYPE = YES_ERROR;
				GCC_WARN_UNDECLARED_SELECTOR = YES;
				GCC_WARN_UNINITIALIZED_AUTOS = YES_AGGRESSIVE;
				GCC_WARN_UNUSED_FUNCTION = YES;
				GCC_WARN_UNUSED_VARIABLE = YES;
				IPHONEOS_DEPLOYMENT_TARGET = 11.0;
				MTL_ENABLE_DEBUG_INFO = YES;
				ONLY_ACTIVE_ARCH = YES;
				SDKROOT = iphoneos;
				SWIFT_ACTIVE_COMPILATION_CONDITIONS = DEBUG;
				SWIFT_OPTIMIZATION_LEVEL = "-Onone";
			};
			name = Debug;
		};
		90D7F31A1FEFF66000B3160A /* Release */ = {
			isa = XCBuildConfiguration;
			buildSettings = {
				ALWAYS_SEARCH_USER_PATHS = NO;
				CLANG_ANALYZER_NONNULL = YES;
				CLANG_ANALYZER_NUMBER_OBJECT_CONVERSION = YES_AGGRESSIVE;
				CLANG_CXX_LANGUAGE_STANDARD = "gnu++14";
				CLANG_CXX_LIBRARY = "libc++";
				CLANG_ENABLE_MODULES = YES;
				CLANG_ENABLE_OBJC_ARC = YES;
				CLANG_WARN_BLOCK_CAPTURE_AUTORELEASING = YES;
				CLANG_WARN_BOOL_CONVERSION = YES;
				CLANG_WARN_COMMA = YES;
				CLANG_WARN_CONSTANT_CONVERSION = YES;
				CLANG_WARN_DIRECT_OBJC_ISA_USAGE = YES_ERROR;
				CLANG_WARN_DOCUMENTATION_COMMENTS = YES;
				CLANG_WARN_EMPTY_BODY = YES;
				CLANG_WARN_ENUM_CONVERSION = YES;
				CLANG_WARN_INFINITE_RECURSION = YES;
				CLANG_WARN_INT_CONVERSION = YES;
				CLANG_WARN_NON_LITERAL_NULL_CONVERSION = YES;
				CLANG_WARN_OBJC_LITERAL_CONVERSION = YES;
				CLANG_WARN_OBJC_ROOT_CLASS = YES_ERROR;
				CLANG_WARN_RANGE_LOOP_ANALYSIS = YES;
				CLANG_WARN_STRICT_PROTOTYPES = YES;
				CLANG_WARN_SUSPICIOUS_MOVE = YES;
				CLANG_WARN_UNGUARDED_AVAILABILITY = YES_AGGRESSIVE;
				CLANG_WARN_UNREACHABLE_CODE = YES;
				CLANG_WARN__DUPLICATE_METHOD_MATCH = YES;
				CODE_SIGN_IDENTITY = "iPhone Developer";
				COPY_PHASE_STRIP = NO;
				DEBUG_INFORMATION_FORMAT = "dwarf-with-dsym";
				ENABLE_NS_ASSERTIONS = NO;
				ENABLE_STRICT_OBJC_MSGSEND = YES;
				GCC_C_LANGUAGE_STANDARD = gnu11;
				GCC_NO_COMMON_BLOCKS = YES;
				GCC_WARN_64_TO_32_BIT_CONVERSION = YES;
				GCC_WARN_ABOUT_RETURN_TYPE = YES_ERROR;
				GCC_WARN_UNDECLARED_SELECTOR = YES;
				GCC_WARN_UNINITIALIZED_AUTOS = YES_AGGRESSIVE;
				GCC_WARN_UNUSED_FUNCTION = YES;
				GCC_WARN_UNUSED_VARIABLE = YES;
				IPHONEOS_DEPLOYMENT_TARGET = 11.0;
				MTL_ENABLE_DEBUG_INFO = NO;
				SDKROOT = iphoneos;
				SWIFT_OPTIMIZATION_LEVEL = "-Owholemodule";
				VALIDATE_PRODUCT = YES;
			};
			name = Release;
		};
		90D7F31C1FEFF66000B3160A /* Debug */ = {
			isa = XCBuildConfiguration;
			buildSettings = {
				ASSETCATALOG_COMPILER_APPICON_NAME = AppIcon;
				CODE_SIGN_STYLE = Automatic;
				INFOPLIST_FILE = ATMfinderV3/Info.plist;
				LD_RUNPATH_SEARCH_PATHS = "$(inherited) @executable_path/Frameworks";
				PRODUCT_BUNDLE_IDENTIFIER = com.XiApps.ATMfinderV3;
				PRODUCT_NAME = "$(TARGET_NAME)";
				SWIFT_VERSION = 4.0;
				TARGETED_DEVICE_FAMILY = "1,2";
			};
			name = Debug;
		};
		90D7F31D1FEFF66000B3160A /* Release */ = {
			isa = XCBuildConfiguration;
			buildSettings = {
				ASSETCATALOG_COMPILER_APPICON_NAME = AppIcon;
				CODE_SIGN_STYLE = Automatic;
				INFOPLIST_FILE = ATMfinderV3/Info.plist;
				LD_RUNPATH_SEARCH_PATHS = "$(inherited) @executable_path/Frameworks";
				PRODUCT_BUNDLE_IDENTIFIER = com.XiApps.ATMfinderV3;
				PRODUCT_NAME = "$(TARGET_NAME)";
				SWIFT_VERSION = 4.0;
				TARGETED_DEVICE_FAMILY = "1,2";
			};
			name = Release;
		};
/* End XCBuildConfiguration section */

/* Begin XCConfigurationList section */
		90D7F3041FEFF66000B3160A /* Build configuration list for PBXProject "ATMfinderV3" */ = {
			isa = XCConfigurationList;
			buildConfigurations = (
				90D7F3191FEFF66000B3160A /* Debug */,
				90D7F31A1FEFF66000B3160A /* Release */,
			);
			defaultConfigurationIsVisible = 0;
			defaultConfigurationName = Release;
		};
		90D7F31B1FEFF66000B3160A /* Build configuration list for PBXNativeTarget "ATMfinderV3" */ = {
			isa = XCConfigurationList;
			buildConfigurations = (
				90D7F31C1FEFF66000B3160A /* Debug */,
				90D7F31D1FEFF66000B3160A /* Release */,
			);
			defaultConfigurationIsVisible = 0;
			defaultConfigurationName = Release;
		};
/* End XCConfigurationList section */
	};
	rootObject = 90D7F3011FEFF66000B3160A /* Project object */;
}
